{
  "version": 4,
  "terraform_version": "1.1.5",
  "serial": 163,
  "lineage": "56b91d1f-a079-ade9-d561-2792c2c48a80",
  "outputs": {
    "acl_id": {
      "value": "r010-d50f7976-d471-4018-b3a0-80c4af7004dd",
      "type": "string"
    },
    "vpc_id": {
      "value": "r010-0a593d30-58aa-4c39-bbd5-2601b343717f",
      "type": "string"
    }
  },
  "resources": [
    {
      "mode": "data",
      "type": "ibm_is_ssh_key",
      "name": "vpc_ssh_key",
      "provider": "provider[\"registry.terraform.io/ibm-cloud/ibm\"]",
      "instances": [
        {
          "schema_version": 0,
          "attributes": {
            "crn": "crn:v1:bluemix:public:is:eu-de:a/980d7ef5b1896b370242457b5e4e72cd::key:r010-7fb20605-8029-42e9-901d-c8afe69dc533",
            "fingerprint": "SHA256:sZVmTJfQ3DwsuxshF4ELRv2qITRWLkg8q4k3Tg9KOk4",
            "id": "r010-7fb20605-8029-42e9-901d-c8afe69dc533",
            "length": 4096,
            "name": "steve",
            "public_key": "ssh-rsa AAAAB3NzaC1yc2EAAAADAQABAAACAQDCP0FLl+8a8LZFQkGrOxBb6tSDMBNeSijJGTpnOWbEjmVtNIxx+NHxaIZZN/DkC35GOZ0Tm+RXSJi4F31YprKF0j+iO2eT0BzmU+QxnE/koQ17oRxzzTYbP3Kr4wVdRCCwBIGUifqk/d/GcPYtcJ5SGklPwaMScKhUFS4dXwhii0URTaQsZqo7XFi5ZNj5BP2+teDfdsL5WfFkXFeaCt2FZ9Ps1ph2P9i+HwcqqpJD//1d9KRq/bN1/M/rrMGdnT9YVE2AookmxhdSo98CTO0/0IwLroLlaPK7EB3ZHQX6Zu2gkwrZ7VDk3flSP4A4ZsUPDG2XkNFHSRFMGwyh+EHGbK8fClbGvrnA5uM304of5jqOb6UjSR3CC9SN8CyqqeaHE7n8722Sa83/GjL/ZIq3jmWpUC7Vd9DzxqGRBwmETtObphUbRM/oOrZ+EqQTEzVFDFF+Kd4+QmcooKdq1xcBi6PFm1WYYM2RzfZ1nCc+Y0Hi7Du4H5FssWDW6N+c+a6hhzR0oyikXHKjgdqn5sH1IZd18JVqWHeu42cTysV2L71yo8g2evql7FV4AIiotzUh0sMqwTsRkj4doQ8106WwggAqrEfKjekxyw+GarYda6aHfFq48AGzy3iZNSCfYnGbjB0ividNQDULSq9auOjRlFOg603nxA0IB4GMHbP6Qw== slievens@macbook",
            "resource_controller_url": "https://cloud.ibm.com/vpc/compute/sshKeys",
            "resource_crn": "crn:v1:bluemix:public:is:eu-de:a/980d7ef5b1896b370242457b5e4e72cd::key:r010-7fb20605-8029-42e9-901d-c8afe69dc533",
            "resource_group": null,
            "resource_group_name": "af7982418f584b628738a9bd73137d78",
            "resource_name": "steve",
            "type": "rsa"
          },
          "sensitive_attributes": []
        }
      ]
    },
    {
      "mode": "managed",
      "type": "ibm_is_instance",
      "name": "vsi_instance",
      "provider": "provider[\"registry.terraform.io/ibm-cloud/ibm\"]",
      "instances": [
        {
          "index_key": 0,
          "schema_version": 0,
          "attributes": {
            "action": null,
            "auto_delete_volume": null,
            "bandwidth": 4000,
            "boot_volume": [
              {
                "encryption": "",
                "iops": 3000,
                "name": "prognosis-subdivide-spellbind-commotion",
                "profile": "general-purpose",
                "size": 100,
                "snapshot": ""
              }
            ],
            "crn": "crn:v1:bluemix:public:is:eu-de-1:a/980d7ef5b1896b370242457b5e4e72cd::instance:02b7_9553ed0d-6d19-406f-83f2-fe21c6a44b88",
            "dedicated_host": null,
            "dedicated_host_group": null,
            "disks": [],
            "force_action": false,
            "force_recovery_time": null,
            "gpu": [],
            "id": "02b7_9553ed0d-6d19-406f-83f2-fe21c6a44b88",
            "image": "r010-eaebade7-d050-4e4d-b552-c45e53c9a893",
            "instance_template": null,
            "keys": [
              "r010-7fb20605-8029-42e9-901d-c8afe69dc533"
            ],
            "memory": 4,
            "name": "tftest-instance-1",
            "network_interfaces": [],
            "placement_group": null,
            "placement_target": [],
            "primary_network_interface": [
              {
                "allow_ip_spoofing": false,
                "id": "02b7-47f61844-d880-4d51-9bc4-f4ecaf3b21ff",
                "name": "spied-privacy-doorbell-yin",
                "port_speed": 0,
                "primary_ipv4_address": "10.1.0.4",
                "security_groups": [
                  "r010-5eb4e5e9-8f0b-4ae9-94b1-cb5655ebd2c5"
                ],
                "subnet": "02b7-f89d6f02-941f-4217-a43b-045dc976ec7c"
              }
            ],
            "profile": "cx2-2x4",
            "resource_controller_url": "https://cloud.ibm.com/vpc-ext/compute/vs",
            "resource_crn": "crn:v1:bluemix:public:is:eu-de-1:a/980d7ef5b1896b370242457b5e4e72cd::instance:02b7_9553ed0d-6d19-406f-83f2-fe21c6a44b88",
            "resource_group": "af7982418f584b628738a9bd73137d78",
            "resource_group_name": "ALL",
            "resource_name": "tftest-instance-1",
            "resource_status": "running",
            "status": "running",
            "status_reasons": [],
            "tags": [
              "demo",
              "tf"
            ],
            "timeouts": null,
            "total_network_bandwidth": 3000,
            "total_volume_bandwidth": 1000,
            "user_data": null,
            "vcpu": [
              {
                "architecture": "amd64",
                "count": 2
              }
            ],
            "volume_attachments": [
              {
                "id": "02b7-2c269088-76c5-4ec5-b119-36282f69c000",
                "name": "trapper-pegboard-unbitten-gluten",
                "volume_crn": "crn:v1:bluemix:public:is:eu-de-1:a/980d7ef5b1896b370242457b5e4e72cd::volume:r010-3bcba273-5c3a-4ea1-b44e-80f119fe73c5",
                "volume_id": "r010-3bcba273-5c3a-4ea1-b44e-80f119fe73c5",
                "volume_name": "prognosis-subdivide-spellbind-commotion"
              }
            ],
            "volumes": null,
            "vpc": "r010-0a593d30-58aa-4c39-bbd5-2601b343717f",
            "wait_before_delete": true,
            "zone": "eu-de-1"
          },
          "sensitive_attributes": [],
          "private": "eyJlMmJmYjczMC1lY2FhLTExZTYtOGY4OC0zNDM2M2JjN2M0YzAiOnsiY3JlYXRlIjoxODAwMDAwMDAwMDAwLCJkZWxldGUiOjE4MDAwMDAwMDAwMDAsInVwZGF0ZSI6MTgwMDAwMDAwMDAwMH19",
          "dependencies": [
            "data.ibm_is_ssh_key.vpc_ssh_key",
            "ibm_is_network_acl.multizone_acl",
            "ibm_is_public_gateway.pgw",
            "ibm_is_subnet.subnet",
            "ibm_is_vpc.vpc",
            "ibm_resource_group.resource_group"
          ]
        },
        {
          "index_key": 1,
          "schema_version": 0,
          "attributes": {
            "action": null,
            "auto_delete_volume": null,
            "bandwidth": 4000,
            "boot_volume": [
              {
                "encryption": "",
                "iops": 3000,
                "name": "paddlefish-stopping-follicle-cleat",
                "profile": "general-purpose",
                "size": 100,
                "snapshot": ""
              }
            ],
            "crn": "crn:v1:bluemix:public:is:eu-de-2:a/980d7ef5b1896b370242457b5e4e72cd::instance:02c7_9c5e36b7-8c91-4eda-bae6-747a2dec2a7d",
            "dedicated_host": null,
            "dedicated_host_group": null,
            "disks": [],
            "force_action": false,
            "force_recovery_time": null,
            "gpu": [],
            "id": "02c7_9c5e36b7-8c91-4eda-bae6-747a2dec2a7d",
            "image": "r010-eaebade7-d050-4e4d-b552-c45e53c9a893",
            "instance_template": null,
            "keys": [
              "r010-7fb20605-8029-42e9-901d-c8afe69dc533"
            ],
            "memory": 4,
            "name": "tftest-instance-2",
            "network_interfaces": [],
            "placement_group": null,
            "placement_target": [],
            "primary_network_interface": [
              {
                "allow_ip_spoofing": false,
                "id": "02c7-0331377e-1be4-4415-aa97-f54c38bbffe4",
                "name": "curtly-life-pushy-pedigree",
                "port_speed": 0,
                "primary_ipv4_address": "10.2.0.4",
                "security_groups": [
                  "r010-5eb4e5e9-8f0b-4ae9-94b1-cb5655ebd2c5"
                ],
                "subnet": "02c7-851ab791-fc56-49eb-8875-233105764b28"
              }
            ],
            "profile": "cx2-2x4",
            "resource_controller_url": "https://cloud.ibm.com/vpc-ext/compute/vs",
            "resource_crn": "crn:v1:bluemix:public:is:eu-de-2:a/980d7ef5b1896b370242457b5e4e72cd::instance:02c7_9c5e36b7-8c91-4eda-bae6-747a2dec2a7d",
            "resource_group": "af7982418f584b628738a9bd73137d78",
            "resource_group_name": "ALL",
            "resource_name": "tftest-instance-2",
            "resource_status": "running",
            "status": "running",
            "status_reasons": [],
            "tags": [
              "demo",
              "tf"
            ],
            "timeouts": null,
            "total_network_bandwidth": 3000,
            "total_volume_bandwidth": 1000,
            "user_data": null,
            "vcpu": [
              {
                "architecture": "amd64",
                "count": 2
              }
            ],
            "volume_attachments": [
              {
                "id": "02c7-06767042-2383-4d49-b559-2bdd6bf8b247",
                "name": "grub-name-darksome-hamburger",
                "volume_crn": "crn:v1:bluemix:public:is:eu-de-2:a/980d7ef5b1896b370242457b5e4e72cd::volume:r010-36501462-a621-48bc-9fe3-e3198a9b3c62",
                "volume_id": "r010-36501462-a621-48bc-9fe3-e3198a9b3c62",
                "volume_name": "paddlefish-stopping-follicle-cleat"
              }
            ],
            "volumes": null,
            "vpc": "r010-0a593d30-58aa-4c39-bbd5-2601b343717f",
            "wait_before_delete": true,
            "zone": "eu-de-2"
          },
          "sensitive_attributes": [],
          "private": "eyJlMmJmYjczMC1lY2FhLTExZTYtOGY4OC0zNDM2M2JjN2M0YzAiOnsiY3JlYXRlIjoxODAwMDAwMDAwMDAwLCJkZWxldGUiOjE4MDAwMDAwMDAwMDAsInVwZGF0ZSI6MTgwMDAwMDAwMDAwMH19",
          "dependencies": [
            "data.ibm_is_ssh_key.vpc_ssh_key",
            "ibm_is_network_acl.multizone_acl",
            "ibm_is_public_gateway.pgw",
            "ibm_is_subnet.subnet",
            "ibm_is_vpc.vpc",
            "ibm_resource_group.resource_group"
          ]
        },
        {
          "index_key": 2,
          "schema_version": 0,
          "attributes": {
            "action": null,
            "auto_delete_volume": null,
            "bandwidth": 4000,
            "boot_volume": [
              {
                "encryption": "",
                "iops": 3000,
                "name": "mockup-sprint-circling-buckthorn",
                "profile": "general-purpose",
                "size": 100,
                "snapshot": ""
              }
            ],
            "crn": "crn:v1:bluemix:public:is:eu-de-3:a/980d7ef5b1896b370242457b5e4e72cd::instance:02d7_7a677f38-abff-4642-b611-8f83a2cbd268",
            "dedicated_host": null,
            "dedicated_host_group": null,
            "disks": [],
            "force_action": false,
            "force_recovery_time": null,
            "gpu": [],
            "id": "02d7_7a677f38-abff-4642-b611-8f83a2cbd268",
            "image": "r010-eaebade7-d050-4e4d-b552-c45e53c9a893",
            "instance_template": null,
            "keys": [
              "r010-7fb20605-8029-42e9-901d-c8afe69dc533"
            ],
            "memory": 4,
            "name": "tftest-instance-3",
            "network_interfaces": [],
            "placement_group": null,
            "placement_target": [],
            "primary_network_interface": [
              {
                "allow_ip_spoofing": false,
                "id": "02d7-fb4485dc-78bf-4591-9be0-577e9dd70703",
                "name": "clad-frighten-bowhead-ripcord",
                "port_speed": 0,
                "primary_ipv4_address": "10.3.0.4",
                "security_groups": [
                  "r010-5eb4e5e9-8f0b-4ae9-94b1-cb5655ebd2c5"
                ],
                "subnet": "02d7-f5a51e2a-8faf-4262-b152-1659cbb44b45"
              }
            ],
            "profile": "cx2-2x4",
            "resource_controller_url": "https://cloud.ibm.com/vpc-ext/compute/vs",
            "resource_crn": "crn:v1:bluemix:public:is:eu-de-3:a/980d7ef5b1896b370242457b5e4e72cd::instance:02d7_7a677f38-abff-4642-b611-8f83a2cbd268",
            "resource_group": "af7982418f584b628738a9bd73137d78",
            "resource_group_name": "ALL",
            "resource_name": "tftest-instance-3",
            "resource_status": "running",
            "status": "running",
            "status_reasons": [],
            "tags": [
              "demo",
              "tf"
            ],
            "timeouts": null,
            "total_network_bandwidth": 3000,
            "total_volume_bandwidth": 1000,
            "user_data": null,
            "vcpu": [
              {
                "architecture": "amd64",
                "count": 2
              }
            ],
            "volume_attachments": [
              {
                "id": "02d7-51909814-024f-424d-8043-26cc5ca79904",
                "name": "rental-headset-majesty-verify",
                "volume_crn": "crn:v1:bluemix:public:is:eu-de-3:a/980d7ef5b1896b370242457b5e4e72cd::volume:r010-88f8920e-1d88-42b3-9112-09860510fff9",
                "volume_id": "r010-88f8920e-1d88-42b3-9112-09860510fff9",
                "volume_name": "mockup-sprint-circling-buckthorn"
              }
            ],
            "volumes": null,
            "vpc": "r010-0a593d30-58aa-4c39-bbd5-2601b343717f",
            "wait_before_delete": true,
            "zone": "eu-de-3"
          },
          "sensitive_attributes": [],
          "private": "eyJlMmJmYjczMC1lY2FhLTExZTYtOGY4OC0zNDM2M2JjN2M0YzAiOnsiY3JlYXRlIjoxODAwMDAwMDAwMDAwLCJkZWxldGUiOjE4MDAwMDAwMDAwMDAsInVwZGF0ZSI6MTgwMDAwMDAwMDAwMH19",
          "dependencies": [
            "data.ibm_is_ssh_key.vpc_ssh_key",
            "ibm_is_network_acl.multizone_acl",
            "ibm_is_public_gateway.pgw",
            "ibm_is_subnet.subnet",
            "ibm_is_vpc.vpc",
            "ibm_resource_group.resource_group"
          ]
        }
      ]
    },
    {
      "mode": "managed",
      "type": "ibm_is_network_acl",
      "name": "multizone_acl",
      "provider": "provider[\"registry.terraform.io/ibm-cloud/ibm\"]",
      "instances": [
        {
          "schema_version": 0,
          "attributes": {
            "crn": "crn:v1:bluemix:public:is:eu-de:a/980d7ef5b1896b370242457b5e4e72cd::network-acl:r010-d50f7976-d471-4018-b3a0-80c4af7004dd",
            "id": "r010-d50f7976-d471-4018-b3a0-80c4af7004dd",
            "name": "tftest-multizone-acl",
            "resource_controller_url": "https://cloud.ibm.com/vpc-ext/network/acl",
            "resource_crn": null,
            "resource_group": "c779a7bfb1134784a36e1af9999606d0",
            "resource_group_name": "tfdemo",
            "resource_name": "tftest-multizone-acl",
            "rules": [
              {
                "action": "allow",
                "destination": "0.0.0.0/0",
                "direction": "inbound",
                "icmp": [],
                "id": "37b5fc5d-8b01-45f2-8f10-ab99941cf6f5",
                "ip_version": "ipv4",
                "name": "egress",
                "source": "0.0.0.0/0",
                "subnets": 0,
                "tcp": [],
                "udp": []
              },
              {
                "action": "allow",
                "destination": "0.0.0.0/0",
                "direction": "outbound",
                "icmp": [],
                "id": "ac83c6ff-c1e0-4db0-8be6-f315bd03e1a2",
                "ip_version": "ipv4",
                "name": "ingress",
                "source": "0.0.0.0/0",
                "subnets": 0,
                "tcp": [],
                "udp": []
              }
            ],
            "tags": [],
            "timeouts": null,
            "vpc": "r010-0a593d30-58aa-4c39-bbd5-2601b343717f"
          },
          "sensitive_attributes": [],
          "private": "eyJlMmJmYjczMC1lY2FhLTExZTYtOGY4OC0zNDM2M2JjN2M0YzAiOnsiY3JlYXRlIjo2MDAwMDAwMDAwMDAsImRlbGV0ZSI6NjAwMDAwMDAwMDAwfX0=",
          "dependencies": [
            "ibm_is_vpc.vpc",
            "ibm_resource_group.resource_group"
          ]
        }
      ]
    },
    {
      "mode": "managed",
      "type": "ibm_is_public_gateway",
      "name": "pgw",
      "provider": "provider[\"registry.terraform.io/ibm-cloud/ibm\"]",
      "instances": [
        {
          "index_key": 0,
          "schema_version": 0,
          "attributes": {
            "crn": "crn:v1:bluemix:public:is:eu-de-1:a/980d7ef5b1896b370242457b5e4e72cd::public-gateway:r010-095e809d-fb8f-44e7-9041-87f624ea6d27",
            "floating_ip": {
              "address": "149.81.4.207",
              "id": "r010-b4b1d6ce-1975-46d3-a87a-7ad8a124df6c"
            },
            "id": "r010-095e809d-fb8f-44e7-9041-87f624ea6d27",
            "name": "tftest-pgw-1",
            "resource_controller_url": "https://cloud.ibm.com/vpc-ext/network/publicGateways",
            "resource_crn": "crn:v1:bluemix:public:is:eu-de-1:a/980d7ef5b1896b370242457b5e4e72cd::public-gateway:r010-095e809d-fb8f-44e7-9041-87f624ea6d27",
            "resource_group": "af7982418f584b628738a9bd73137d78",
            "resource_group_name": "ALL",
            "resource_name": "tftest-pgw-1",
            "resource_status": "available",
            "status": "available",
            "tags": [],
            "timeouts": null,
            "vpc": "r010-0a593d30-58aa-4c39-bbd5-2601b343717f",
            "zone": "eu-de-1"
          },
          "sensitive_attributes": [],
          "private": "eyJlMmJmYjczMC1lY2FhLTExZTYtOGY4OC0zNDM2M2JjN2M0YzAiOnsiY3JlYXRlIjo2MDAwMDAwMDAwMDAsImRlbGV0ZSI6NjAwMDAwMDAwMDAwfX0=",
          "dependencies": [
            "ibm_is_vpc.vpc",
            "ibm_resource_group.resource_group"
          ]
        },
        {
          "index_key": 1,
          "schema_version": 0,
          "attributes": {
            "crn": "crn:v1:bluemix:public:is:eu-de-2:a/980d7ef5b1896b370242457b5e4e72cd::public-gateway:r010-1ef3e076-7a23-4280-94f7-cfb2939acaa5",
            "floating_ip": {
              "address": "161.156.81.237",
              "id": "r010-1e1f54bf-b7b9-4a1e-ae13-107facedc129"
            },
            "id": "r010-1ef3e076-7a23-4280-94f7-cfb2939acaa5",
            "name": "tftest-pgw-2",
            "resource_controller_url": "https://cloud.ibm.com/vpc-ext/network/publicGateways",
            "resource_crn": "crn:v1:bluemix:public:is:eu-de-2:a/980d7ef5b1896b370242457b5e4e72cd::public-gateway:r010-1ef3e076-7a23-4280-94f7-cfb2939acaa5",
            "resource_group": "af7982418f584b628738a9bd73137d78",
            "resource_group_name": "ALL",
            "resource_name": "tftest-pgw-2",
            "resource_status": "available",
            "status": "available",
            "tags": [],
            "timeouts": null,
            "vpc": "r010-0a593d30-58aa-4c39-bbd5-2601b343717f",
            "zone": "eu-de-2"
          },
          "sensitive_attributes": [],
          "private": "eyJlMmJmYjczMC1lY2FhLTExZTYtOGY4OC0zNDM2M2JjN2M0YzAiOnsiY3JlYXRlIjo2MDAwMDAwMDAwMDAsImRlbGV0ZSI6NjAwMDAwMDAwMDAwfX0=",
          "dependencies": [
            "ibm_is_vpc.vpc",
            "ibm_resource_group.resource_group"
          ]
        },
        {
          "index_key": 2,
          "schema_version": 0,
          "attributes": {
            "crn": "crn:v1:bluemix:public:is:eu-de-3:a/980d7ef5b1896b370242457b5e4e72cd::public-gateway:r010-ef9daaf2-e11e-402a-a906-bbcf360d675b",
            "floating_ip": {
              "address": "149.81.159.116",
              "id": "r010-7919dbf8-ad56-47c9-a0db-41ee2b946bd1"
            },
            "id": "r010-ef9daaf2-e11e-402a-a906-bbcf360d675b",
            "name": "tftest-pgw-3",
            "resource_controller_url": "https://cloud.ibm.com/vpc-ext/network/publicGateways",
            "resource_crn": "crn:v1:bluemix:public:is:eu-de-3:a/980d7ef5b1896b370242457b5e4e72cd::public-gateway:r010-ef9daaf2-e11e-402a-a906-bbcf360d675b",
            "resource_group": "af7982418f584b628738a9bd73137d78",
            "resource_group_name": "ALL",
            "resource_name": "tftest-pgw-3",
            "resource_status": "available",
            "status": "available",
            "tags": [],
            "timeouts": null,
            "vpc": "r010-0a593d30-58aa-4c39-bbd5-2601b343717f",
            "zone": "eu-de-3"
          },
          "sensitive_attributes": [],
          "private": "eyJlMmJmYjczMC1lY2FhLTExZTYtOGY4OC0zNDM2M2JjN2M0YzAiOnsiY3JlYXRlIjo2MDAwMDAwMDAwMDAsImRlbGV0ZSI6NjAwMDAwMDAwMDAwfX0=",
          "dependencies": [
            "ibm_is_vpc.vpc",
            "ibm_resource_group.resource_group"
          ]
        }
      ]
    },
    {
      "mode": "managed",
      "type": "ibm_is_security_group_rule",
      "name": "sg-rule-inbound-https",
      "provider": "provider[\"registry.terraform.io/ibm-cloud/ibm\"]",
      "instances": [
        {
          "schema_version": 0,
          "attributes": {
            "direction": "inbound",
            "group": "r010-5eb4e5e9-8f0b-4ae9-94b1-cb5655ebd2c5",
            "icmp": [],
            "id": "r010-5eb4e5e9-8f0b-4ae9-94b1-cb5655ebd2c5.r010-3b0c76d3-9374-41cb-8cb0-020e257cd6f7",
            "ip_version": "ipv4",
            "protocol": "tcp",
            "related_crn": "crn:v1:bluemix:public:is:eu-de:a/980d7ef5b1896b370242457b5e4e72cd::security-group:r010-5eb4e5e9-8f0b-4ae9-94b1-cb5655ebd2c5",
            "remote": "0.0.0.0/0",
            "rule_id": "r010-3b0c76d3-9374-41cb-8cb0-020e257cd6f7",
            "tcp": [
              {
                "port_max": 443,
                "port_min": 443
              }
            ],
            "udp": []
          },
          "sensitive_attributes": [],
          "private": "bnVsbA==",
          "dependencies": [
            "ibm_is_vpc.vpc",
            "ibm_resource_group.resource_group"
          ]
        }
      ]
    },
    {
      "mode": "managed",
      "type": "ibm_is_security_group_rule",
      "name": "sg-rule-inbound-icmp",
      "provider": "provider[\"registry.terraform.io/ibm-cloud/ibm\"]",
      "instances": [
        {
          "schema_version": 0,
          "attributes": {
            "direction": "inbound",
            "group": "r010-5eb4e5e9-8f0b-4ae9-94b1-cb5655ebd2c5",
            "icmp": [
              {
                "code": 0,
                "type": 8
              }
            ],
            "id": "r010-5eb4e5e9-8f0b-4ae9-94b1-cb5655ebd2c5.r010-aed45d2f-850b-4b97-8657-a7bcc6fa7845",
            "ip_version": "ipv4",
            "protocol": "icmp",
            "related_crn": "crn:v1:bluemix:public:is:eu-de:a/980d7ef5b1896b370242457b5e4e72cd::security-group:r010-5eb4e5e9-8f0b-4ae9-94b1-cb5655ebd2c5",
            "remote": "0.0.0.0/0",
            "rule_id": "r010-aed45d2f-850b-4b97-8657-a7bcc6fa7845",
            "tcp": [],
            "udp": []
          },
          "sensitive_attributes": [],
          "private": "bnVsbA==",
          "dependencies": [
            "ibm_is_vpc.vpc",
            "ibm_resource_group.resource_group"
          ]
        }
      ]
    },
    {
      "mode": "managed",
      "type": "ibm_is_security_group_rule",
      "name": "sg-rule-inbound-ssh",
      "provider": "provider[\"registry.terraform.io/ibm-cloud/ibm\"]",
      "instances": [
        {
          "schema_version": 0,
          "attributes": {
            "direction": "inbound",
            "group": "r010-5eb4e5e9-8f0b-4ae9-94b1-cb5655ebd2c5",
            "icmp": [],
            "id": "r010-5eb4e5e9-8f0b-4ae9-94b1-cb5655ebd2c5.r010-a5e48e1e-cf90-4c18-b416-e7a28bd8ff41",
            "ip_version": "ipv4",
            "protocol": "tcp",
            "related_crn": "crn:v1:bluemix:public:is:eu-de:a/980d7ef5b1896b370242457b5e4e72cd::security-group:r010-5eb4e5e9-8f0b-4ae9-94b1-cb5655ebd2c5",
            "remote": "0.0.0.0/0",
            "rule_id": "r010-a5e48e1e-cf90-4c18-b416-e7a28bd8ff41",
            "tcp": [
              {
                "port_max": 22,
                "port_min": 22
              }
            ],
            "udp": []
          },
          "sensitive_attributes": [],
          "private": "bnVsbA==",
          "dependencies": [
            "ibm_is_vpc.vpc",
            "ibm_resource_group.resource_group"
          ]
        }
      ]
    },
    {
      "mode": "managed",
      "type": "ibm_is_subnet",
      "name": "subnet",
      "provider": "provider[\"registry.terraform.io/ibm-cloud/ibm\"]",
      "instances": [
        {
          "index_key": 0,
          "schema_version": 0,
          "attributes": {
            "access_tags": [],
            "available_ipv4_address_count": 251,
            "crn": "crn:v1:bluemix:public:is:eu-de-1:a/980d7ef5b1896b370242457b5e4e72cd::subnet:02b7-f89d6f02-941f-4217-a43b-045dc976ec7c",
            "id": "02b7-f89d6f02-941f-4217-a43b-045dc976ec7c",
            "ip_version": "ipv4",
            "ipv4_cidr_block": "10.1.0.0/24",
            "name": "tftest-subnet-1",
            "network_acl": "r010-d50f7976-d471-4018-b3a0-80c4af7004dd",
            "public_gateway": "r010-095e809d-fb8f-44e7-9041-87f624ea6d27",
            "resource_controller_url": "https://cloud.ibm.com/vpc-ext/network/subnets",
            "resource_crn": "crn:v1:bluemix:public:is:eu-de-1:a/980d7ef5b1896b370242457b5e4e72cd::subnet:02b7-f89d6f02-941f-4217-a43b-045dc976ec7c",
            "resource_group": "af7982418f584b628738a9bd73137d78",
            "resource_group_name": "ALL",
            "resource_name": "tftest-subnet-1",
            "resource_status": "available",
            "routing_table": "r010-aa49ad15-12b4-4b1b-8339-96db8c162223",
            "status": "available",
            "tags": [],
            "timeouts": null,
            "total_ipv4_address_count": 256,
            "vpc": "r010-0a593d30-58aa-4c39-bbd5-2601b343717f",
            "zone": "eu-de-1"
          },
          "sensitive_attributes": [],
          "private": "eyJlMmJmYjczMC1lY2FhLTExZTYtOGY4OC0zNDM2M2JjN2M0YzAiOnsiY3JlYXRlIjo2MDAwMDAwMDAwMDAsImRlbGV0ZSI6NjAwMDAwMDAwMDAwLCJ1cGRhdGUiOjYwMDAwMDAwMDAwMH19",
          "dependencies": [
            "ibm_is_network_acl.multizone_acl",
            "ibm_is_public_gateway.pgw",
            "ibm_is_vpc.vpc",
            "ibm_resource_group.resource_group"
          ]
        },
        {
          "index_key": 1,
          "schema_version": 0,
          "attributes": {
            "access_tags": [],
            "available_ipv4_address_count": 251,
            "crn": "crn:v1:bluemix:public:is:eu-de-2:a/980d7ef5b1896b370242457b5e4e72cd::subnet:02c7-851ab791-fc56-49eb-8875-233105764b28",
            "id": "02c7-851ab791-fc56-49eb-8875-233105764b28",
            "ip_version": "ipv4",
            "ipv4_cidr_block": "10.2.0.0/24",
            "name": "tftest-subnet-2",
            "network_acl": "r010-d50f7976-d471-4018-b3a0-80c4af7004dd",
            "public_gateway": "r010-1ef3e076-7a23-4280-94f7-cfb2939acaa5",
            "resource_controller_url": "https://cloud.ibm.com/vpc-ext/network/subnets",
            "resource_crn": "crn:v1:bluemix:public:is:eu-de-2:a/980d7ef5b1896b370242457b5e4e72cd::subnet:02c7-851ab791-fc56-49eb-8875-233105764b28",
            "resource_group": "af7982418f584b628738a9bd73137d78",
            "resource_group_name": "ALL",
            "resource_name": "tftest-subnet-2",
            "resource_status": "available",
            "routing_table": "r010-aa49ad15-12b4-4b1b-8339-96db8c162223",
            "status": "available",
            "tags": [],
            "timeouts": null,
            "total_ipv4_address_count": 256,
            "vpc": "r010-0a593d30-58aa-4c39-bbd5-2601b343717f",
            "zone": "eu-de-2"
          },
          "sensitive_attributes": [],
          "private": "eyJlMmJmYjczMC1lY2FhLTExZTYtOGY4OC0zNDM2M2JjN2M0YzAiOnsiY3JlYXRlIjo2MDAwMDAwMDAwMDAsImRlbGV0ZSI6NjAwMDAwMDAwMDAwLCJ1cGRhdGUiOjYwMDAwMDAwMDAwMH19",
          "dependencies": [
            "ibm_is_network_acl.multizone_acl",
            "ibm_is_public_gateway.pgw",
            "ibm_is_vpc.vpc",
            "ibm_resource_group.resource_group"
          ]
        },
        {
          "index_key": 2,
          "schema_version": 0,
          "attributes": {
            "access_tags": [],
            "available_ipv4_address_count": 251,
            "crn": "crn:v1:bluemix:public:is:eu-de-3:a/980d7ef5b1896b370242457b5e4e72cd::subnet:02d7-f5a51e2a-8faf-4262-b152-1659cbb44b45",
            "id": "02d7-f5a51e2a-8faf-4262-b152-1659cbb44b45",
            "ip_version": "ipv4",
            "ipv4_cidr_block": "10.3.0.0/24",
            "name": "tftest-subnet-3",
            "network_acl": "r010-d50f7976-d471-4018-b3a0-80c4af7004dd",
            "public_gateway": "r010-ef9daaf2-e11e-402a-a906-bbcf360d675b",
            "resource_controller_url": "https://cloud.ibm.com/vpc-ext/network/subnets",
            "resource_crn": "crn:v1:bluemix:public:is:eu-de-3:a/980d7ef5b1896b370242457b5e4e72cd::subnet:02d7-f5a51e2a-8faf-4262-b152-1659cbb44b45",
            "resource_group": "af7982418f584b628738a9bd73137d78",
            "resource_group_name": "ALL",
            "resource_name": "tftest-subnet-3",
            "resource_status": "available",
            "routing_table": "r010-aa49ad15-12b4-4b1b-8339-96db8c162223",
            "status": "available",
            "tags": [],
            "timeouts": null,
            "total_ipv4_address_count": 256,
            "vpc": "r010-0a593d30-58aa-4c39-bbd5-2601b343717f",
            "zone": "eu-de-3"
          },
          "sensitive_attributes": [],
          "private": "eyJlMmJmYjczMC1lY2FhLTExZTYtOGY4OC0zNDM2M2JjN2M0YzAiOnsiY3JlYXRlIjo2MDAwMDAwMDAwMDAsImRlbGV0ZSI6NjAwMDAwMDAwMDAwLCJ1cGRhdGUiOjYwMDAwMDAwMDAwMH19",
          "dependencies": [
            "ibm_is_network_acl.multizone_acl",
            "ibm_is_public_gateway.pgw",
            "ibm_is_vpc.vpc",
            "ibm_resource_group.resource_group"
          ]
        }
      ]
    },
    {
      "mode": "managed",
      "type": "ibm_is_vpc",
      "name": "vpc",
      "provider": "provider[\"registry.terraform.io/ibm-cloud/ibm\"]",
      "instances": [
        {
          "schema_version": 0,
          "attributes": {
            "address_prefix_management": "manual",
            "classic_access": false,
            "crn": "crn:v1:bluemix:public:is:eu-de:a/980d7ef5b1896b370242457b5e4e72cd::vpc:r010-0a593d30-58aa-4c39-bbd5-2601b343717f",
            "cse_source_addresses": [
              {
                "address": "10.16.202.37",
                "zone_name": "eu-de-1"
              },
              {
                "address": "10.16.214.25",
                "zone_name": "eu-de-2"
              },
              {
                "address": "10.16.220.1",
                "zone_name": "eu-de-3"
              }
            ],
            "default_network_acl": "r010-5fa7759b-40e0-4594-a795-1704ea4b11ca",
            "default_network_acl_crn": "crn:v1:bluemix:public:is:eu-de:a/980d7ef5b1896b370242457b5e4e72cd::network-acl:r010-5fa7759b-40e0-4594-a795-1704ea4b11ca",
            "default_network_acl_name": "tftest-acl-default",
            "default_routing_table": "r010-aa49ad15-12b4-4b1b-8339-96db8c162223",
            "default_routing_table_name": "dowdy-flavored-fading-citable",
            "default_security_group": "r010-5eb4e5e9-8f0b-4ae9-94b1-cb5655ebd2c5",
            "default_security_group_crn": "crn:v1:bluemix:public:is:eu-de:a/980d7ef5b1896b370242457b5e4e72cd::security-group:r010-5eb4e5e9-8f0b-4ae9-94b1-cb5655ebd2c5",
            "default_security_group_name": "tftest-sg-default",
            "id": "r010-0a593d30-58aa-4c39-bbd5-2601b343717f",
            "name": "tftest-vpc",
            "resource_controller_url": "https://cloud.ibm.com/vpc-ext/network/vpcs",
            "resource_crn": "crn:v1:bluemix:public:is:eu-de:a/980d7ef5b1896b370242457b5e4e72cd::vpc:r010-0a593d30-58aa-4c39-bbd5-2601b343717f",
            "resource_group": "c779a7bfb1134784a36e1af9999606d0",
            "resource_group_name": "tfdemo",
            "resource_name": "tftest-vpc",
            "resource_status": "available",
            "security_group": [
              {
                "group_id": "r010-5eb4e5e9-8f0b-4ae9-94b1-cb5655ebd2c5",
                "group_name": "tftest-sg-default",
                "rules": [
                  {
                    "code": 0,
                    "direction": "outbound",
                    "ip_version": "ipv4",
                    "port_max": 0,
                    "port_min": 0,
                    "protocol": "all",
                    "remote": "0.0.0.0/0",
                    "rule_id": "r010-9b6cd92a-487e-4751-beb4-7b8205d800c3",
                    "type": 0
                  },
                  {
                    "code": 0,
                    "direction": "inbound",
                    "ip_version": "ipv4",
                    "port_max": 0,
                    "port_min": 0,
                    "protocol": "all",
                    "remote": "r010-5eb4e5e9-8f0b-4ae9-94b1-cb5655ebd2c5",
                    "rule_id": "r010-61b29565-f24e-4cda-aa98-aca815dc5a02",
                    "type": 0
                  }
                ]
              }
            ],
            "status": "available",
            "subnets": [],
            "tags": [
              "demo",
              "tf"
            ],
            "timeouts": null
          },
          "sensitive_attributes": [],
          "private": "eyJlMmJmYjczMC1lY2FhLTExZTYtOGY4OC0zNDM2M2JjN2M0YzAiOnsiY3JlYXRlIjo2MDAwMDAwMDAwMDAsImRlbGV0ZSI6NjAwMDAwMDAwMDAwfX0=",
          "dependencies": [
            "ibm_resource_group.resource_group"
          ]
        }
      ]
    },
    {
      "mode": "managed",
      "type": "ibm_is_vpc_address_prefix",
      "name": "vpc_prefix",
      "provider": "provider[\"registry.terraform.io/ibm-cloud/ibm\"]",
      "instances": [
        {
          "index_key": 0,
          "schema_version": 0,
          "attributes": {
            "cidr": "10.1.0.0/16",
            "has_subnets": false,
            "id": "r010-0a593d30-58aa-4c39-bbd5-2601b343717f/r010-bb2403b9-3681-4bef-a1b2-d69c59c647a1",
            "is_default": false,
            "name": "tftest-prefix-zone-1",
            "related_crn": "crn:v1:bluemix:public:is:eu-de:a/980d7ef5b1896b370242457b5e4e72cd::vpc:r010-0a593d30-58aa-4c39-bbd5-2601b343717f",
            "vpc": "r010-0a593d30-58aa-4c39-bbd5-2601b343717f",
            "zone": "eu-de-1"
          },
          "sensitive_attributes": [],
          "private": "bnVsbA==",
          "dependencies": [
            "ibm_is_vpc.vpc",
            "ibm_resource_group.resource_group"
          ]
        },
        {
          "index_key": 1,
          "schema_version": 0,
          "attributes": {
            "cidr": "10.2.0.0/16",
            "has_subnets": false,
            "id": "r010-0a593d30-58aa-4c39-bbd5-2601b343717f/r010-4c63679e-66eb-47f5-9767-ba6d5b29b102",
            "is_default": false,
            "name": "tftest-prefix-zone-2",
            "related_crn": "crn:v1:bluemix:public:is:eu-de:a/980d7ef5b1896b370242457b5e4e72cd::vpc:r010-0a593d30-58aa-4c39-bbd5-2601b343717f",
            "vpc": "r010-0a593d30-58aa-4c39-bbd5-2601b343717f",
            "zone": "eu-de-2"
          },
          "sensitive_attributes": [],
          "private": "bnVsbA==",
          "dependencies": [
            "ibm_is_vpc.vpc",
            "ibm_resource_group.resource_group"
          ]
        },
        {
          "index_key": 2,
          "schema_version": 0,
          "attributes": {
            "cidr": "10.3.0.0/16",
            "has_subnets": false,
            "id": "r010-0a593d30-58aa-4c39-bbd5-2601b343717f/r010-58d4848f-42a5-4f8c-8421-636b08c421a9",
            "is_default": false,
            "name": "tftest-prefix-zone-3",
            "related_crn": "crn:v1:bluemix:public:is:eu-de:a/980d7ef5b1896b370242457b5e4e72cd::vpc:r010-0a593d30-58aa-4c39-bbd5-2601b343717f",
            "vpc": "r010-0a593d30-58aa-4c39-bbd5-2601b343717f",
            "zone": "eu-de-3"
          },
          "sensitive_attributes": [],
          "private": "bnVsbA==",
          "dependencies": [
            "ibm_is_vpc.vpc",
            "ibm_resource_group.resource_group"
          ]
        }
      ]
    },
    {
      "mode": "managed",
      "type": "ibm_resource_group",
      "name": "resource_group",
      "provider": "provider[\"registry.terraform.io/ibm-cloud/ibm\"]",
      "instances": [
        {
          "schema_version": 0,
          "attributes": {
            "created_at": "2022-03-15T09:58:56.054Z",
            "crn": "crn:v1:bluemix:public:resource-controller::a/980d7ef5b1896b370242457b5e4e72cd::resource-group:c779a7bfb1134784a36e1af9999606d0",
            "default": false,
            "id": "c779a7bfb1134784a36e1af9999606d0",
            "name": "tfdemo",
            "payment_methods_url": "/v2/resource_groups/c779a7bfb1134784a36e1af9999606d0/payment_methods",
            "quota_id": "a3d7b8d01e261c24677937c29ab33f3c",
            "quota_url": "/v2/quota_definitions/a3d7b8d01e261c24677937c29ab33f3c",
            "resource_linkages": [],
            "state": "ACTIVE",
            "tags": null,
            "teams_url": "/v2/resource_groups/c779a7bfb1134784a36e1af9999606d0/teams",
            "updated_at": "2022-03-15T09:58:56.054Z"
          },
          "sensitive_attributes": [],
          "private": "bnVsbA=="
        }
      ]
    }
  ]
}
